
Microsoft Visual Studio Solution File, Format Version 12.00
# Visual Studio Version 17
VisualStudioVersion = 17.14.36121.58 d17.14
MinimumVisualStudioVersion = 10.0.40219.1
Project("{FAE04EC0-301F-11D3-BF4B-00C04F79EFBC}") = "Practica prueba", "Practica prueba.csproj", "{C9EA901F-5FC6-4408-962E-A942F51C417E}"
EndProject
Global
	GlobalSection(SolutionConfigurationPlatforms) = preSolution
		Debug|Any CPU = Debug|Any CPU
		Release|Any CPU = Release|Any CPU
	EndGlobalSection
	GlobalSection(ProjectConfigurationPlatforms) = postSolution
		{C9EA901F-5FC6-4408-962E-A942F51C417E}.Debug|Any CPU.ActiveCfg = Debug|Any CPU
		{C9EA901F-5FC6-4408-962E-A942F51C417E}.Debug|Any CPU.Build.0 = Debug|Any CPU
		{C9EA901F-5FC6-4408-962E-A942F51C417E}.Debug|Any CPU.Deploy.0 = Debug|Any CPU
		{C9EA901F-5FC6-4408-962E-A942F51C417E}.Release|Any CPU.ActiveCfg = Release|Any CPU
		{C9EA901F-5FC6-4408-962E-A942F51C417E}.Release|Any CPU.Build.0 = Release|Any CPU
		{C9EA901F-5FC6-4408-962E-A942F51C417E}.Release|Any CPU.Deploy.0 = Release|Any CPU
	EndGlobalSection
	GlobalSection(SolutionProperties) = preSolution
		HideSolutionNode = FALSE
	EndGlobalSection
	GlobalSection(ExtensibilityGlobals) = postSolution
		SolutionGuid = {C2023B81-4497-48CD-958E-FBEAEA787883}
	EndGlobalSection
EndGlobal
